<?xml version="1.0" encoding="utf-8"?>
<Project ToolsVersion="4.0" xmlns="http://schemas.microsoft.com/developer/msbuild/2003">
  <ItemGroup>
    <Filter Include="ソース ファイル">
      <UniqueIdentifier>{4FC737F1-C7A5-4376-A066-2A32D752A2FF}</UniqueIdentifier>
      <Extensions>cpp;c;cc;cxx;def;odl;idl;hpj;bat;asm;asmx</Extensions>
    </Filter>
    <Filter Include="ヘッダー ファイル">
      <UniqueIdentifier>{93995380-89BD-4b04-88EB-625FBE52EBFB}</UniqueIdentifier>
      <Extensions>h;hh;hpp;hxx;hm;inl;inc;xsd</Extensions>
    </Filter>
    <Filter Include="リソース ファイル">
      <UniqueIdentifier>{67DA6AB6-F800-4c08-8B7A-83BB121AAD01}</UniqueIdentifier>
      <Extensions>rc;ico;cur;bmp;dlg;rc2;rct;bin;rgs;gif;jpg;jpeg;jpe;resx;tiff;tif;png;wav;mfcribbon-ms</Extensions>
    </Filter>
    <Filter Include="ソース ファイル\ユニット">
      <UniqueIdentifier>{42021747-a44d-4425-ad16-e37dedf6e1bc}</UniqueIdentifier>
    </Filter>
    <Filter Include="ヘッダー ファイル\ユニット">
      <UniqueIdentifier>{c2144e7b-ade9-4b0b-8033-9bc6ecb460b4}</UniqueIdentifier>
    </Filter>
    <Filter Include="ソース ファイル\エンジン">
      <UniqueIdentifier>{6d407170-e1fd-4e2c-9565-f70e9ac628cf}</UniqueIdentifier>
    </Filter>
    <Filter Include="ソース ファイル\シーン">
      <UniqueIdentifier>{4449168b-8c12-49a3-8a5c-946034f2cc32}</UniqueIdentifier>
    </Filter>
    <Filter Include="ヘッダー ファイル\エンジン">
      <UniqueIdentifier>{e71db4b3-6c07-4bb8-84d6-955ce21bfa5e}</UniqueIdentifier>
    </Filter>
    <Filter Include="ヘッダー ファイル\シーン">
      <UniqueIdentifier>{61a0304f-e529-4fa6-94da-5c5919ebc1e6}</UniqueIdentifier>
    </Filter>
  </ItemGroup>
  <ItemGroup>
    <ClInclude Include="Global.h">
      <Filter>ヘッダー ファイル</Filter>
    </ClInclude>
    <ClInclude Include="Input.h">
      <Filter>ヘッダー ファイル\エンジン</Filter>
    </ClInclude>
    <ClInclude Include="UnitBase.h">
      <Filter>ヘッダー ファイル\ユニット</Filter>
    </ClInclude>
    <ClInclude Include="Game.h">
      <Filter>ヘッダー ファイル\エンジン</Filter>
    </ClInclude>
    <ClInclude Include="SceneBase.h">
      <Filter>ヘッダー ファイル\シーン</Filter>
    </ClInclude>
    <ClInclude Include="TitleScene.h">
      <Filter>ヘッダー ファイル\シーン</Filter>
    </ClInclude>
    <ClInclude Include="Title.h">
      <Filter>ヘッダー ファイル\ユニット</Filter>
    </ClInclude>
    <ClInclude Include="PlayScene.h">
      <Filter>ヘッダー ファイル\シーン</Filter>
    </ClInclude>
    <ClInclude Include="BackGround.h">
      <Filter>ヘッダー ファイル\ユニット</Filter>
    </ClInclude>
    <ClInclude Include="ClearScene.h">
      <Filter>ヘッダー ファイル\シーン</Filter>
    </ClInclude>
    <ClInclude Include="Clear.h">
      <Filter>ヘッダー ファイル\ユニット</Filter>
    </ClInclude>
    <ClInclude Include="Sprite.h">
      <Filter>ヘッダー ファイル\エンジン</Filter>
    </ClInclude>
    <ClInclude Include="Audio.h">
      <Filter>ヘッダー ファイル\エンジン</Filter>
    </ClInclude>
    <ClInclude Include="Efect2D.h">
      <Filter>ヘッダー ファイル\エンジン</Filter>
    </ClInclude>
    <ClInclude Include="Enemy.h">
      <Filter>ヘッダー ファイル\ユニット</Filter>
    </ClInclude>
    <ClInclude Include="Player.h">
      <Filter>ヘッダー ファイル\ユニット</Filter>
    </ClInclude>
    <ClInclude Include="TutorialScene.h">
      <Filter>ヘッダー ファイル\シーン</Filter>
    </ClInclude>
    <ClInclude Include="Tutorial.h">
      <Filter>ヘッダー ファイル\ユニット</Filter>
    </ClInclude>
    <ClInclude Include="Waiting.h">
      <Filter>ヘッダー ファイル\ユニット</Filter>
    </ClInclude>
    <ClInclude Include="WaitingScene.h">
      <Filter>ヘッダー ファイル\シーン</Filter>
    </ClInclude>
  </ItemGroup>
  <ItemGroup>
    <ClCompile Include="Input.cpp">
      <Filter>ソース ファイル\エンジン</Filter>
    </ClCompile>
    <ClCompile Include="UnitBase.cpp">
      <Filter>ソース ファイル\ユニット</Filter>
    </ClCompile>
    <ClCompile Include="Game.cpp">
      <Filter>ソース ファイル\エンジン</Filter>
    </ClCompile>
    <ClCompile Include="Main.cpp">
      <Filter>ソース ファイル\エンジン</Filter>
    </ClCompile>
    <ClCompile Include="TitleScene.cpp">
      <Filter>ソース ファイル\シーン</Filter>
    </ClCompile>
    <ClCompile Include="SceneBase.cpp">
      <Filter>ソース ファイル\シーン</Filter>
    </ClCompile>
    <ClCompile Include="Title.cpp">
      <Filter>ソース ファイル\ユニット</Filter>
    </ClCompile>
    <ClCompile Include="PlayScene.cpp">
      <Filter>ソース ファイル\シーン</Filter>
    </ClCompile>
    <ClCompile Include="BackGround.cpp">
      <Filter>ソース ファイル\ユニット</Filter>
    </ClCompile>
    <ClCompile Include="ClearScene.cpp">
      <Filter>ソース ファイル\シーン</Filter>
    </ClCompile>
    <ClCompile Include="Clear.cpp">
      <Filter>ソース ファイル\ユニット</Filter>
    </ClCompile>
    <ClCompile Include="Sprite.cpp">
      <Filter>ソース ファイル\エンジン</Filter>
    </ClCompile>
    <ClCompile Include="Audio.cpp">
      <Filter>ソース ファイル\エンジン</Filter>
    </ClCompile>
    <ClCompile Include="Efect2D.cpp">
      <Filter>ソース ファイル\エンジン</Filter>
    </ClCompile>
    <ClCompile Include="Enemy.cpp">
      <Filter>ソース ファイル\ユニット</Filter>
    </ClCompile>
    <ClCompile Include="Player.cpp">
      <Filter>ソース ファイル\ユニット</Filter>
    </ClCompile>
    <ClCompile Include="TutorialScene.cpp">
      <Filter>ソース ファイル\シーン</Filter>
    </ClCompile>
    <ClCompile Include="Tutorial.cpp">
      <Filter>ソース ファイル\ユニット</Filter>
    </ClCompile>
    <ClCompile Include="Waiting.cpp">
      <Filter>ソース ファイル\ユニット</Filter>
    </ClCompile>
    <ClCompile Include="WaitingScene.cpp">
      <Filter>ソース ファイル\シーン</Filter>
    </ClCompile>
  </ItemGroup>
</Project>